// !$*UTF8*$!
{
	archiveVersion = 1;
	classes = {
	};
	objectVersion = 46;
	objects = {

/* Begin PBXBuildFile section */
		3C0B6E181CB852EF00CF0626 /* AppDelegate.swift in Sources */ = {isa = PBXBuildFile; fileRef = 3C0B6E171CB852EF00CF0626 /* AppDelegate.swift */; };
		3C0B6E1A1CB852EF00CF0626 /* ViewController.swift in Sources */ = {isa = PBXBuildFile; fileRef = 3C0B6E191CB852EF00CF0626 /* ViewController.swift */; };
		3C0B6E1D1CB852EF00CF0626 /* Main.storyboard in Resources */ = {isa = PBXBuildFile; fileRef = 3C0B6E1B1CB852EF00CF0626 /* Main.storyboard */; };
		3C0B6E1F1CB852EF00CF0626 /* Assets.xcassets in Resources */ = {isa = PBXBuildFile; fileRef = 3C0B6E1E1CB852EF00CF0626 /* Assets.xcassets */; };
		3C0B6E221CB852EF00CF0626 /* LaunchScreen.storyboard in Resources */ = {isa = PBXBuildFile; fileRef = 3C0B6E201CB852EF00CF0626 /* LaunchScreen.storyboard */; };
		3C0B6E2D1CB852EF00CF0626 /* CherrySquareTests.swift in Sources */ = {isa = PBXBuildFile; fileRef = 3C0B6E2C1CB852EF00CF0626 /* CherrySquareTests.swift */; };
/* End PBXBuildFile section */

/* Begin PBXContainerItemProxy section */
		3C0B6E291CB852EF00CF0626 /* PBXContainerItemProxy */ = {
			isa = PBXContainerItemProxy;
			containerPortal = 3C0B6E0C1CB852EF00CF0626 /* Project object */;
			proxyType = 1;
			remoteGlobalIDString = 3C0B6E131CB852EF00CF0626;
			remoteInfo = CherrySquare;
		};
/* End PBXContainerItemProxy section */

/* Begin PBXFileReference section */
		3C0B6E141CB852EF00CF0626 /* CherrySquare.app */ = {isa = PBXFileReference; explicitFileType = wrapper.application; includeInIndex = 0; path = CherrySquare.app; sourceTree = BUILT_PRODUCTS_DIR; };
		3C0B6E171CB852EF00CF0626 /* AppDelegate.swift */ = {isa = PBXFileReference; lastKnownFileType = sourcecode.swift; path = AppDelegate.swift; sourceTree = "<group>"; };
		3C0B6E191CB852EF00CF0626 /* ViewController.swift */ = {isa = PBXFileReference; lastKnownFileType = sourcecode.swift; path = ViewController.swift; sourceTree = "<group>"; };
		3C0B6E1C1CB852EF00CF0626 /* Base */ = {isa = PBXFileReference; lastKnownFileType = file.storyboard; name = Base; path = Base.lproj/Main.storyboard; sourceTree = "<group>"; };
		3C0B6E1E1CB852EF00CF0626 /* Assets.xcassets */ = {isa = PBXFileReference; lastKnownFileType = folder.assetcatalog; path = Assets.xcassets; sourceTree = "<group>"; };
		3C0B6E211CB852EF00CF0626 /* Base */ = {isa = PBXFileReference; lastKnownFileType = file.storyboard; name = Base; path = Base.lproj/LaunchScreen.storyboard; sourceTree = "<group>"; };
		3C0B6E231CB852EF00CF0626 /* Info.plist */ = {isa = PBXFileReference; lastKnownFileType = text.plist.xml; path = Info.plist; sourceTree = "<group>"; };
		3C0B6E281CB852EF00CF0626 /* CherrySquareTests.xctest */ = {isa = PBXFileReference; explicitFileType = wrapper.cfbundle; includeInIndex = 0; path = CherrySquareTests.xctest; sourceTree = BUILT_PRODUCTS_DIR; };
		3C0B6E2C1CB852EF00CF0626 /* CherrySquareTests.swift */ = {isa = PBXFileReference; lastKnownFileType = sourcecode.swift; path = CherrySquareTests.swift; sourceTree = "<group>"; };
		3C0B6E2E1CB852EF00CF0626 /* Info.plist */ = {isa = PBXFileReference; lastKnownFileType = text.plist.xml; path = Info.plist; sourceTree = "<group>"; };
/* End PBXFileReference section */

/* Begin PBXFrameworksBuildPhase section */
		3C0B6E111CB852EF00CF0626 /* Frameworks */ = {
			isa = PBXFrameworksBuildPhase;
			buildActionMask = 2147483647;
			files = (
			);
			runOnlyForDeploymentPostprocessing = 0;
		};
		3C0B6E251CB852EF00CF0626 /* Frameworks */ = {
			isa = PBXFrameworksBuildPhase;
			buildActionMask = 2147483647;
			files = (
			);
			runOnlyForDeploymentPostprocessing = 0;
		};
/* End PBXFrameworksBuildPhase section */

/* Begin PBXGroup section */
		3C0B6E0B1CB852EF00CF0626 = {
			isa = PBXGroup;
			children = (
				3C0B6E161CB852EF00CF0626 /* CherrySquare */,
				3C0B6E2B1CB852EF00CF0626 /* CherrySquareTests */,
				3C0B6E151CB852EF00CF0626 /* Products */,
			);
			sourceTree = "<group>";
		};
		3C0B6E151CB852EF00CF0626 /* Products */ = {
			isa = PBXGroup;
			children = (
				3C0B6E141CB852EF00CF0626 /* CherrySquare.app */,
				3C0B6E281CB852EF00CF0626 /* CherrySquareTests.xctest */,
			);
			name = Products;
			sourceTree = "<group>";
		};
		3C0B6E161CB852EF00CF0626 /* CherrySquare */ = {
			isa = PBXGroup;
			children = (
				3C0B6E171CB852EF00CF0626 /* AppDelegate.swift */,
				3C0B6E191CB852EF00CF0626 /* ViewController.swift */,
				3C0B6E1B1CB852EF00CF0626 /* Main.storyboard */,
				3C0B6E1E1CB852EF00CF0626 /* Assets.xcassets */,
				3C0B6E201CB852EF00CF0626 /* LaunchScreen.storyboard */,
				3C0B6E231CB852EF00CF0626 /* Info.plist */,
			);
			path = CherrySquare;
			sourceTree = "<group>";
		};
		3C0B6E2B1CB852EF00CF0626 /* CherrySquareTests */ = {
			isa = PBXGroup;
			children = (
				3C0B6E2C1CB852EF00CF0626 /* CherrySquareTests.swift */,
				3C0B6E2E1CB852EF00CF0626 /* Info.plist */,
			);
			path = CherrySquareTests;
			sourceTree = "<group>";
		};
/* End PBXGroup section */

/* Begin PBXNativeTarget section */
		3C0B6E131CB852EF00CF0626 /* CherrySquare */ = {
			isa = PBXNativeTarget;
			buildConfigurationList = 3C0B6E311CB852EF00CF0626 /* Build configuration list for PBXNativeTarget "CherrySquare" */;
			buildPhases = (
				3C0B6E101CB852EF00CF0626 /* Sources */,
				3C0B6E111CB852EF00CF0626 /* Frameworks */,
				3C0B6E121CB852EF00CF0626 /* Resources */,
			);
			buildRules = (
			);
			dependencies = (
			);
			name = CherrySquare;
			productName = CherrySquare;
			productReference = 3C0B6E141CB852EF00CF0626 /* CherrySquare.app */;
			productType = "com.apple.product-type.application";
		};
		3C0B6E271CB852EF00CF0626 /* CherrySquareTests */ = {
			isa = PBXNativeTarget;
			buildConfigurationList = 3C0B6E341CB852EF00CF0626 /* Build configuration list for PBXNativeTarget "CherrySquareTests" */;
			buildPhases = (
				3C0B6E241CB852EF00CF0626 /* Sources */,
				3C0B6E251CB852EF00CF0626 /* Frameworks */,
				3C0B6E261CB852EF00CF0626 /* Resources */,
			);
			buildRules = (
			);
			dependencies = (
				3C0B6E2A1CB852EF00CF0626 /* PBXTargetDependency */,
			);
			name = CherrySquareTests;
			productName = CherrySquareTests;
			productReference = 3C0B6E281CB852EF00CF0626 /* CherrySquareTests.xctest */;
			productType = "com.apple.product-type.bundle.unit-test";
		};
/* End PBXNativeTarget section */

/* Begin PBXProject section */
		3C0B6E0C1CB852EF00CF0626 /* Project object */ = {
			isa = PBXProject;
			attributes = {
				LastSwiftUpdateCheck = 0720;
				LastUpgradeCheck = 0720;
				ORGANIZATIONNAME = "Ian Jacobs studios";
				TargetAttributes = {
					3C0B6E131CB852EF00CF0626 = {
						CreatedOnToolsVersion = 7.2;
					};
					3C0B6E271CB852EF00CF0626 = {
						CreatedOnToolsVersion = 7.2;
						TestTargetID = 3C0B6E131CB852EF00CF0626;
					};
				};
			};
			buildConfigurationList = 3C0B6E0F1CB852EF00CF0626 /* Build configuration list for PBXProject "CherrySquare" */;
			compatibilityVersion = "Xcode 3.2";
			developmentRegion = English;
			hasScannedForEncodings = 0;
			knownRegions = (
				en,
				Base,
			);
			mainGroup = 3C0B6E0B1CB852EF00CF0626;
			productRefGroup = 3C0B6E151CB852EF00CF0626 /* Products */;
			projectDirPath = "";
			projectRoot = "";
			targets = (
				3C0B6E131CB852EF00CF0626 /* CherrySquare */,
				3C0B6E271CB852EF00CF0626 /* CherrySquareTests */,
			);
		};
/* End PBXProject section */

/* Begin PBXResourcesBuildPhase section */
		3C0B6E121CB852EF00CF0626 /* Resources */ = {
			isa = PBXResourcesBuildPhase;
			buildActionMask = 2147483647;
			files = (
				3C0B6E221CB852EF00CF0626 /* LaunchScreen.storyboard in Resources */,
				3C0B6E1F1CB852EF00CF0626 /* Assets.xcassets in Resources */,
				3C0B6E1D1CB852EF00CF0626 /* Main.storyboard in Resources */,
			);
			runOnlyForDeploymentPostprocessing = 0;
		};
		3C0B6E261CB852EF00CF0626 /* Resources */ = {
			isa = PBXResourcesBuildPhase;
			buildActionMask = 2147483647;
			files = (
			);
			runOnlyForDeploymentPostprocessing = 0;
		};
/* End PBXResourcesBuildPhase section */

/* Begin PBXSourcesBuildPhase section */
		3C0B6E101CB852EF00CF0626 /* Sources */ = {
			isa = PBXSourcesBuildPhase;
			buildActionMask = 2147483647;
			files = (
				3C0B6E1A1CB852EF00CF0626 /* ViewController.swift in Sources */,
				3C0B6E181CB852EF00CF0626 /* AppDelegate.swift in Sources */,
			);
			runOnlyForDeploymentPostprocessing = 0;
		};
		3C0B6E241CB852EF00CF0626 /* Sources */ = {
			isa = PBXSourcesBuildPhase;
			buildActionMask = 2147483647;
			files = (
				3C0B6E2D1CB852EF00CF0626 /* CherrySquareTests.swift in Sources */,
			);
			runOnlyForDeploymentPostprocessing = 0;
		};
/* End PBXSourcesBuildPhase section */

/* Begin PBXTargetDependency section */
		3C0B6E2A1CB852EF00CF0626 /* PBXTargetDependency */ = {
			isa = PBXTargetDependency;
			target = 3C0B6E131CB852EF00CF0626 /* CherrySquare */;
			targetProxy = 3C0B6E291CB852EF00CF0626 /* PBXContainerItemProxy */;
		};
/* End PBXTargetDependency section */

/* Begin PBXVariantGroup section */
		3C0B6E1B1CB852EF00CF0626 /* Main.storyboard */ = {
			isa = PBXVariantGroup;
			children = (
				3C0B6E1C1CB852EF00CF0626 /* Base */,
			);
			name = Main.storyboard;
			sourceTree = "<group>";
		};
		3C0B6E201CB852EF00CF0626 /* LaunchScreen.storyboard */ = {
			isa = PBXVariantGroup;
			children = (
				3C0B6E211CB852EF00CF0626 /* Base */,
			);
			name = LaunchScreen.storyboard;
			sourceTree = "<group>";
		};
/* End PBXVariantGroup section */

/* Begin XCBuildConfiguration section */
		3C0B6E2F1CB852EF00CF0626 /* Debug */ = {
			isa = XCBuildConfiguration;
			buildSettings = {
				ALWAYS_SEARCH_USER_PATHS = NO;
				CLANG_CXX_LANGUAGE_STANDARD = "gnu++0x";
				CLANG_CXX_LIBRARY = "libc++";
				CLANG_ENABLE_MODULES = YES;
				CLANG_ENABLE_OBJC_ARC = YES;
				CLANG_WARN_BOOL_CONVERSION = YES;
				CLANG_WARN_CONSTANT_CONVERSION = YES;
				CLANG_WARN_DIRECT_OBJC_ISA_USAGE = YES_ERROR;
				CLANG_WARN_EMPTY_BODY = YES;
				CLANG_WARN_ENUM_CONVERSION = YES;
				CLANG_WARN_INT_CONVERSION = YES;
				CLANG_WARN_OBJC_ROOT_CLASS = YES_ERROR;
				CLANG_WARN_UNREACHABLE_CODE = YES;
				CLANG_WARN__DUPLICATE_METHOD_MATCH = YES;
				"CODE_SIGN_IDENTITY[sdk=iphoneos*]" = "iPhone Developer";
				COPY_PHASE_STRIP = NO;
				DEBUG_INFORMATION_FORMAT = dwarf;
				ENABLE_STRICT_OBJC_MSGSEND = YES;
				ENABLE_TESTABILITY = YES;
				GCC_C_LANGUAGE_STANDARD = gnu99;
				GCC_DYNAMIC_NO_PIC = NO;
				GCC_NO_COMMON_BLOCKS = YES;
				GCC_OPTIMIZATION_LEVEL = 0;
				GCC_PREPROCESSOR_DEFINITIONS = (
					"DEBUG=1",
					"$(inherited)",
				);
				GCC_WARN_64_TO_32_BIT_CONVERSION = YES;
				GCC_WARN_ABOUT_RETURN_TYPE = YES_ERROR;
				GCC_WARN_UNDECLARED_SELECTOR = YES;
				GCC_WARN_UNINITIALIZED_AUTOS = YES_AGGRESSIVE;
				GCC_WARN_UNUSED_FUNCTION = YES;
				GCC_WARN_UNUSED_VARIABLE = YES;
				IPHONEOS_DEPLOYMENT_TARGET = 9.2;
				MTL_ENABLE_DEBUG_INFO = YES;
				ONLY_ACTIVE_ARCH = YES;
				SDKROOT = iphoneos;
				SWIFT_OPTIMIZATION_LEVEL = "-Onone";
				TARGETED_DEVICE_FAMILY = "1,2";
			};
			name = Debug;
		};
		3C0B6E301CB852EF00CF0626 /* Release */ = {
			isa = XCBuildConfiguration;
			buildSettings = {
				ALWAYS_SEARCH_USER_PATHS = NO;
				CLANG_CXX_LANGUAGE_STANDARD = "gnu++0x";
				CLANG_CXX_LIBRARY = "libc++";
				CLANG_ENABLE_MODULES = YES;
				CLANG_ENABLE_OBJC_ARC = YES;
				CLANG_WARN_BOOL_CONVERSION = YES;
				CLANG_WARN_CONSTANT_CONVERSION = YES;
				CLANG_WARN_DIRECT_OBJC_ISA_USAGE = YES_ERROR;
				CLANG_WARN_EMPTY_BODY = YES;
				CLANG_WARN_ENUM_CONVERSION = YES;
				CLANG_WARN_INT_CONVERSION = YES;
				CLANG_WARN_OBJC_ROOT_CLASS = YES_ERROR;
				CLANG_WARN_UNREACHABLE_CODE = YES;
				CLANG_WARN__DUPLICATE_METHOD_MATCH = YES;
				"CODE_SIGN_IDENTITY[sdk=iphoneos*]" = "iPhone Developer";
				COPY_PHASE_STRIP = NO;
				DEBUG_INFORMATION_FORMAT = "dwarf-with-dsym";
				ENABLE_NS_ASSERTIONS = NO;
				ENABLE_STRICT_OBJC_MSGSEND = YES;
				GCC_C_LANGUAGE_STANDARD = gnu99;
				GCC_NO_COMMON_BLOCKS = YES;
				GCC_WARN_64_TO_32_BIT_CONVERSION = YES;
				GCC_WARN_ABOUT_RETURN_TYPE = YES_ERROR;
				GCC_WARN_UNDECLARED_SELECTOR = YES;
				GCC_WARN_UNINITIALIZED_AUTOS = YES_AGGRESSIVE;
				GCC_WARN_UNUSED_FUNCTION = YES;
				GCC_WARN_UNUSED_VARIABLE = YES;
				IPHONEOS_DEPLOYMENT_TARGET = 9.2;
				MTL_ENABLE_DEBUG_INFO = NO;
				SDKROOT = iphoneos;
				TARGETED_DEVICE_FAMILY = "1,2";
				VALIDATE_PRODUCT = YES;
			};
			name = Release;
		};
		3C0B6E321CB852EF00CF0626 /* Debug */ = {
			isa = XCBuildConfiguration;
			buildSettings = {
				ASSETCATALOG_COMPILER_APPICON_NAME = AppIcon;
				INFOPLIST_FILE = CherrySquare/Info.plist;
				LD_RUNPATH_SEARCH_PATHS = "$(inherited) @executable_path/Frameworks";
				PRODUCT_BUNDLE_IDENTIFIER = com.IanJacobs.CherrySquare;
				PRODUCT_NAME = "$(TARGET_NAME)";
			};
			name = Debug;
		};
		3C0B6E331CB852EF00CF0626 /* Release */ = {
			isa = XCBuildConfiguration;
			buildSettings = {
				ASSETCATALOG_COMPILER_APPICON_NAME = AppIcon;
				INFOPLIST_FILE = CherrySquare/Info.plist;
				LD_RUNPATH_SEARCH_PATHS = "$(inherited) @executable_path/Frameworks";
				PRODUCT_BUNDLE_IDENTIFIER = com.IanJacobs.CherrySquare;
				PRODUCT_NAME = "$(TARGET_NAME)";
			};
			name = Release;
		};
		3C0B6E351CB852EF00CF0626 /* Debug */ = {
			isa = XCBuildConfiguration;
			buildSettings = {
				BUNDLE_LOADER = "$(TEST_HOST)";
				INFOPLIST_FILE = CherrySquareTests/Info.plist;
				LD_RUNPATH_SEARCH_PATHS = "$(inherited) @executable_path/Frameworks @loader_path/Frameworks";
				PRODUCT_BUNDLE_IDENTIFIER = com.IanJacobs.CherrySquareTests;
				PRODUCT_NAME = "$(TARGET_NAME)";
				TEST_HOST = "$(BUILT_PRODUCTS_DIR)/CherrySquare.app/CherrySquare";
			};
			name = Debug;
		};
		3C0B6E361CB852EF00CF0626 /* Release */ = {
			isa = XCBuildConfiguration;
			buildSettings = {
				BUNDLE_LOADER = "$(TEST_HOST)";
				INFOPLIST_FILE = CherrySquareTests/Info.plist;
				LD_RUNPATH_SEARCH_PATHS = "$(inherited) @executable_path/Frameworks @loader_path/Frameworks";
				PRODUCT_BUNDLE_IDENTIFIER = com.IanJacobs.CherrySquareTests;
				PRODUCT_NAME = "$(TARGET_NAME)";
				TEST_HOST = "$(BUILT_PRODUCTS_DIR)/CherrySquare.app/CherrySquare";
			};
			name = Release;
		};
/* End XCBuildConfiguration section */

/* Begin XCConfigurationList section */
		3C0B6E0F1CB852EF00CF0626 /* Build configuration list for PBXProject "CherrySquare" */ = {
			isa = XCConfigurationList;
			buildConfigurations = (
				3C0B6E2F1CB852EF00CF0626 /* Debug */,
				3C0B6E301CB852EF00CF0626 /* Release */,
			);
			defaultConfigurationIsVisible = 0;
			defaultConfigurationName = Release;
		};
		3C0B6E311CB852EF00CF0626 /* Build configuration list for PBXNativeTarget "CherrySquare" */ = {
			isa = XCConfigurationList;
			buildConfigurations = (
				3C0B6E321CB852EF00CF0626 /* Debug */,
				3C0B6E331CB852EF00CF0626 /* Release */,
			);
			defaultConfigurationIsVisible = 0;
		};
		3C0B6E341CB852EF00CF0626 /* Build configuration list for PBXNativeTarget "CherrySquareTests" */ = {
			isa = XCConfigurationList;
			buildConfigurations = (
				3C0B6E351CB852EF00CF0626 /* Debug */,
				3C0B6E361CB852EF00CF0626 /* Release */,
			);
			defaultConfigurationIsVisible = 0;
		};
/* End XCConfigurationList section */
	};
	rootObject = 3C0B6E0C1CB852EF00CF0626 /* Project object */;
}
